
Microsoft Visual Studio Solution File, Format Version 12.00
# Visual Studio 15
VisualStudioVersion = 15.0.28307.902
MinimumVisualStudioVersion = 10.0.40219.1
Project("{FAE04EC0-301F-11D3-BF4B-00C04F79EFBC}") = "CSC3032_Allstate_Project", "CSC3032_Allstate_Project\CSC3032_Allstate_Project.csproj", "{5CB089D1-B571-43EF-AF71-A4DA775BB552}"
EndProject
Global
	GlobalSection(SolutionConfigurationPlatforms) = preSolution
		Debug|Any CPU = Debug|Any CPU
		Release|Any CPU = Release|Any CPU
	EndGlobalSection
	GlobalSection(ProjectConfigurationPlatforms) = postSolution
		{5CB089D1-B571-43EF-AF71-A4DA775BB552}.Debug|Any CPU.ActiveCfg = Debug|Any CPU
		{5CB089D1-B571-43EF-AF71-A4DA775BB552}.Debug|Any CPU.Build.0 = Debug|Any CPU
		{5CB089D1-B571-43EF-AF71-A4DA775BB552}.Release|Any CPU.ActiveCfg = Release|Any CPU
		{5CB089D1-B571-43EF-AF71-A4DA775BB552}.Release|Any CPU.Build.0 = Release|Any CPU
	EndGlobalSection
	GlobalSection(SolutionProperties) = preSolution
		HideSolutionNode = FALSE
	EndGlobalSection
	GlobalSection(ExtensibilityGlobals) = postSolution
		SolutionGuid = {4F935459-65A3-482E-A94D-3204FA3D4641}
	EndGlobalSection
EndGlobal
